
Microsoft Visual Studio Solution File, Format Version 12.00
# Visual Studio 2012
Project("{FAE04EC0-301F-11D3-BF4B-00C04F79EFBC}") = "Phoneword", "Phoneword\Phoneword.csproj", "{C672AC64-CF8A-42FC-89A2-671DDA6DA654}"
EndProject
Global
	GlobalSection(SolutionConfigurationPlatforms) = preSolution
		Debug|Any CPU = Debug|Any CPU
		Release|Any CPU = Release|Any CPU
	EndGlobalSection
	GlobalSection(ProjectConfigurationPlatforms) = postSolution
		{C672AC64-CF8A-42FC-89A2-671DDA6DA654}.Debug|Any CPU.ActiveCfg = Debug|Any CPU
		{C672AC64-CF8A-42FC-89A2-671DDA6DA654}.Debug|Any CPU.Build.0 = Debug|Any CPU
		{C672AC64-CF8A-42FC-89A2-671DDA6DA654}.Release|Any CPU.ActiveCfg = Release|Any CPU
		{C672AC64-CF8A-42FC-89A2-671DDA6DA654}.Release|Any CPU.Build.0 = Release|Any CPU
	EndGlobalSection
EndGlobal
